
Microsoft Visual Studio Solution File, Format Version 12.00
# Visual Studio 14
VisualStudioVersion = 14.0.25420.1
MinimumVisualStudioVersion = 10.0.40219.1
Project("{FAE04EC0-301F-11D3-BF4B-00C04F79EFBC}") = "Gestionnaire", "Gestionnaire\Gestionnaire.csproj", "{7B7B6614-AF3B-414B-8425-285F1CD078DC}"
EndProject
Project("{FAE04EC0-301F-11D3-BF4B-00C04F79EFBC}") = "Relais", "Relais\Relais.csproj", "{D383188A-2CC1-40D8-9AE6-3DD0F0F0140F}"
EndProject
Global
	GlobalSection(SolutionConfigurationPlatforms) = preSolution
		Debug|Any CPU = Debug|Any CPU
		Release|Any CPU = Release|Any CPU
	EndGlobalSection
	GlobalSection(ProjectConfigurationPlatforms) = postSolution
		{7B7B6614-AF3B-414B-8425-285F1CD078DC}.Debug|Any CPU.ActiveCfg = Debug|Any CPU
		{7B7B6614-AF3B-414B-8425-285F1CD078DC}.Debug|Any CPU.Build.0 = Debug|Any CPU
		{7B7B6614-AF3B-414B-8425-285F1CD078DC}.Release|Any CPU.ActiveCfg = Release|Any CPU
		{7B7B6614-AF3B-414B-8425-285F1CD078DC}.Release|Any CPU.Build.0 = Release|Any CPU
		{D383188A-2CC1-40D8-9AE6-3DD0F0F0140F}.Debug|Any CPU.ActiveCfg = Debug|Any CPU
		{D383188A-2CC1-40D8-9AE6-3DD0F0F0140F}.Debug|Any CPU.Build.0 = Debug|Any CPU
		{D383188A-2CC1-40D8-9AE6-3DD0F0F0140F}.Release|Any CPU.ActiveCfg = Release|Any CPU
		{D383188A-2CC1-40D8-9AE6-3DD0F0F0140F}.Release|Any CPU.Build.0 = Release|Any CPU
	EndGlobalSection
	GlobalSection(SolutionProperties) = preSolution
		HideSolutionNode = FALSE
	EndGlobalSection
EndGlobal
